
Microsoft Visual Studio Solution File, Format Version 12.00
# Visual Studio Version 17
VisualStudioVersion = 17.6.33829.357
MinimumVisualStudioVersion = 10.0.40219.1
Project("{9A19103F-16F7-4668-BE54-9A1E7A4F7556}") = "PlatformService", "PlatformService\PlatformService.csproj", "{6C16AE9F-DDC6-4171-9CE5-AE618CFE4D70}"
EndProject
Global
	GlobalSection(SolutionConfigurationPlatforms) = preSolution
		Debug|Any CPU = Debug|Any CPU
		Release|Any CPU = Release|Any CPU
	EndGlobalSection
	GlobalSection(ProjectConfigurationPlatforms) = postSolution
		{6C16AE9F-DDC6-4171-9CE5-AE618CFE4D70}.Debug|Any CPU.ActiveCfg = Debug|Any CPU
		{6C16AE9F-DDC6-4171-9CE5-AE618CFE4D70}.Debug|Any CPU.Build.0 = Debug|Any CPU
		{6C16AE9F-DDC6-4171-9CE5-AE618CFE4D70}.Release|Any CPU.ActiveCfg = Release|Any CPU
		{6C16AE9F-DDC6-4171-9CE5-AE618CFE4D70}.Release|Any CPU.Build.0 = Release|Any CPU
	EndGlobalSection
	GlobalSection(SolutionProperties) = preSolution
		HideSolutionNode = FALSE
	EndGlobalSection
	GlobalSection(ExtensibilityGlobals) = postSolution
		SolutionGuid = {25574CF4-9D0B-48E8-A60C-4F8A89A63A12}
	EndGlobalSection
EndGlobal
